
Microsoft Visual Studio Solution File, Format Version 12.00
# Visual Studio Version 18
VisualStudioVersion = 18.3.11312.210
MinimumVisualStudioVersion = 10.0.40219.1
Project("{2150E333-8FDC-42A3-9474-1A3956D46DE8}") = "src", "src", "{827E0CD3-B72D-47B6-A68D-7590B98EB39B}"
EndProject
Project("{FAE04EC0-301F-11D3-BF4B-00C04F79EFBC}") = "QuizBattle.Console", "src\QuizBattle.Console\QuizBattle.Console.csproj", "{73A54522-5524-4650-8D4A-0ABCE17B1CD4}"
EndProject
Project("{2150E333-8FDC-42A3-9474-1A3956D46DE8}") = "docs", "docs", "{DF516102-7CCD-4543-9FD0-F9CF2210B23D}"
	ProjectSection(SolutionItems) = preProject
		docs\CHANGELOG.md = docs\CHANGELOG.md
	EndProjectSection
EndProject
Project("{FAE04EC0-301F-11D3-BF4B-00C04F79EFBC}") = "QuizBattle.Domain", "src\QuizBattle.Domain\QuizBattle.Domain.csproj", "{FAC7D063-2F6F-4D27-B5E4-F64E767BACB6}"
EndProject
Project("{2150E333-8FDC-42A3-9474-1A3956D46DE8}") = "tests", "tests", "{0AB3BF05-4346-4AA6-1389-037BE0695223}"
EndProject
Project("{FAE04EC0-301F-11D3-BF4B-00C04F79EFBC}") = "QuizBattle.Tests", "tests\QuizBattle.Tests\QuizBattle.Tests.csproj", "{7CD9BE6D-497D-439F-9405-ABD967DB0DC6}"
EndProject
Project("{FAE04EC0-301F-11D3-BF4B-00C04F79EFBC}") = "QuizBattle.Application", "src\QuizBattle.Application\QuizBattle.Application\QuizBattle.Application.csproj", "{CDE6A825-00DA-4472-8ABC-3BC2B6BC0813}"
EndProject
Project("{FAE04EC0-301F-11D3-BF4B-00C04F79EFBC}") = "QuizBattle.Infrastructure", "src\QuizBattle.Infrastructure\QuizBattle.Infrastructure.csproj", "{C694E60B-4C67-49F0-86D9-6D1E5E61F49B}"
EndProject
Project("{2150E333-8FDC-42A3-9474-1A3956D46DE8}") = "README", "README", "{F7574918-BD27-4DD5-A54D-FA46589952A7}"
	ProjectSection(SolutionItems) = preProject
		src\QuizBattle.Api\README.API.md = src\QuizBattle.Api\README.API.md
		src\QuizBattle.Application\README.Application.md = src\QuizBattle.Application\README.Application.md
		src\QuizBattle.Console\README.Console.md = src\QuizBattle.Console\README.Console.md
		src\QuizBattle.Domain\README.Domain.md = src\QuizBattle.Domain\README.Domain.md
		src\QuizBattle.Infrastructure\README.Infrastructure.md = src\QuizBattle.Infrastructure\README.Infrastructure.md
	EndProjectSection
EndProject
Project("{2150E333-8FDC-42A3-9474-1A3956D46DE8}") = "About", "About", "{743D0AD2-8849-4483-84A0-A3979EC54D33}"
	ProjectSection(SolutionItems) = preProject
		docs\arkitektur.md = docs\arkitektur.md
		docs\overview.md = docs\overview.md
	EndProjectSection
EndProject
Project("{2150E333-8FDC-42A3-9474-1A3956D46DE8}") = "TODO", "TODO", "{C9AB0E24-F730-4B29-9308-8D74900AC2D5}"
EndProject
Project("{2150E333-8FDC-42A3-9474-1A3956D46DE8}") = "V3", "V3", "{6C37CF04-06BD-4B39-9009-86B6B462F662}"
	ProjectSection(SolutionItems) = preProject
		docs\TODO-2026-01-13.md = docs\TODO-2026-01-13.md
	EndProjectSection
EndProject
Project("{2150E333-8FDC-42A3-9474-1A3956D46DE8}") = "V2", "V2", "{16D00592-3805-4B91-856D-A12AE834436D}"
	ProjectSection(SolutionItems) = preProject
		docs\TODO-2026-01-08.md = docs\TODO-2026-01-08.md
		docs\TODO-2026-01-09.md = docs\TODO-2026-01-09.md
	EndProjectSection
EndProject
Project("{2150E333-8FDC-42A3-9474-1A3956D46DE8}") = "V4", "V4", "{9DA784AE-7BBC-49A2-B069-9E83D7111D66}"
	ProjectSection(SolutionItems) = preProject
		docs\todo\v4d3\00-index.md = docs\todo\v4d3\00-index.md
		docs\todo\v4d3\01-domän-efcore-krav.md = docs\todo\v4d3\01-domän-efcore-krav.md
		docs\todo\v4d3\02-infrastruktur-dbcontext-sqlite.md = docs\todo\v4d3\02-infrastruktur-dbcontext-sqlite.md
		docs\todo\v4d3\03-migrationer.md = docs\todo\v4d3\03-migrationer.md
		docs\todo\v4d3\04-seeddata.md = docs\todo\v4d3\04-seeddata.md
		docs\todo\v4d3\05-api-kontrakt-intro.md = docs\todo\v4d3\05-api-kontrakt-intro.md
		docs\todo\v4d3\06-minimal-api-skelett.md = docs\todo\v4d3\06-minimal-api-skelett.md
		docs\todo\v4d3\07-endpoints-sessions.md = docs\todo\v4d3\07-endpoints-sessions.md
		docs\todo\v4d3\08-endpoints-questions.md = docs\todo\v4d3\08-endpoints-questions.md
		docs\todo\v4d3\09-smoketest-http.md = docs\todo\v4d3\09-smoketest-http.md
		docs\todo\v4d3\10-troubleshooting.md = docs\todo\v4d3\10-troubleshooting.md
		docs\todo\v4d3\11-definition-of-done.md = docs\todo\v4d3\11-definition-of-done.md
		docs\todo\v4d3\12-crud-quickref.md = docs\todo\v4d3\12-crud-quickref.md
	EndProjectSection
EndProject
Project("{FAE04EC0-301F-11D3-BF4B-00C04F79EFBC}") = "QuizBattle.Api", "src\QuizBattle.Api\QuizBattle.Api.csproj", "{24FBC78E-D6E8-43A4-9702-DDFBDCA5E588}"
EndProject
Global
	GlobalSection(SolutionConfigurationPlatforms) = preSolution
		Debug|Any CPU = Debug|Any CPU
		Debug|x64 = Debug|x64
		Debug|x86 = Debug|x86
		Release|Any CPU = Release|Any CPU
		Release|x64 = Release|x64
		Release|x86 = Release|x86
	EndGlobalSection
	GlobalSection(ProjectConfigurationPlatforms) = postSolution
		{73A54522-5524-4650-8D4A-0ABCE17B1CD4}.Debug|Any CPU.ActiveCfg = Debug|Any CPU
		{73A54522-5524-4650-8D4A-0ABCE17B1CD4}.Debug|Any CPU.Build.0 = Debug|Any CPU
		{73A54522-5524-4650-8D4A-0ABCE17B1CD4}.Debug|x64.ActiveCfg = Debug|Any CPU
		{73A54522-5524-4650-8D4A-0ABCE17B1CD4}.Debug|x64.Build.0 = Debug|Any CPU
		{73A54522-5524-4650-8D4A-0ABCE17B1CD4}.Debug|x86.ActiveCfg = Debug|Any CPU
		{73A54522-5524-4650-8D4A-0ABCE17B1CD4}.Debug|x86.Build.0 = Debug|Any CPU
		{73A54522-5524-4650-8D4A-0ABCE17B1CD4}.Release|Any CPU.ActiveCfg = Release|Any CPU
		{73A54522-5524-4650-8D4A-0ABCE17B1CD4}.Release|Any CPU.Build.0 = Release|Any CPU
		{73A54522-5524-4650-8D4A-0ABCE17B1CD4}.Release|x64.ActiveCfg = Release|Any CPU
		{73A54522-5524-4650-8D4A-0ABCE17B1CD4}.Release|x64.Build.0 = Release|Any CPU
		{73A54522-5524-4650-8D4A-0ABCE17B1CD4}.Release|x86.ActiveCfg = Release|Any CPU
		{73A54522-5524-4650-8D4A-0ABCE17B1CD4}.Release|x86.Build.0 = Release|Any CPU
		{FAC7D063-2F6F-4D27-B5E4-F64E767BACB6}.Debug|Any CPU.ActiveCfg = Debug|Any CPU
		{FAC7D063-2F6F-4D27-B5E4-F64E767BACB6}.Debug|Any CPU.Build.0 = Debug|Any CPU
		{FAC7D063-2F6F-4D27-B5E4-F64E767BACB6}.Debug|x64.ActiveCfg = Debug|Any CPU
		{FAC7D063-2F6F-4D27-B5E4-F64E767BACB6}.Debug|x64.Build.0 = Debug|Any CPU
		{FAC7D063-2F6F-4D27-B5E4-F64E767BACB6}.Debug|x86.ActiveCfg = Debug|Any CPU
		{FAC7D063-2F6F-4D27-B5E4-F64E767BACB6}.Debug|x86.Build.0 = Debug|Any CPU
		{FAC7D063-2F6F-4D27-B5E4-F64E767BACB6}.Release|Any CPU.ActiveCfg = Release|Any CPU
		{FAC7D063-2F6F-4D27-B5E4-F64E767BACB6}.Release|Any CPU.Build.0 = Release|Any CPU
		{FAC7D063-2F6F-4D27-B5E4-F64E767BACB6}.Release|x64.ActiveCfg = Release|Any CPU
		{FAC7D063-2F6F-4D27-B5E4-F64E767BACB6}.Release|x64.Build.0 = Release|Any CPU
		{FAC7D063-2F6F-4D27-B5E4-F64E767BACB6}.Release|x86.ActiveCfg = Release|Any CPU
		{FAC7D063-2F6F-4D27-B5E4-F64E767BACB6}.Release|x86.Build.0 = Release|Any CPU
		{7CD9BE6D-497D-439F-9405-ABD967DB0DC6}.Debug|Any CPU.ActiveCfg = Debug|Any CPU
		{7CD9BE6D-497D-439F-9405-ABD967DB0DC6}.Debug|Any CPU.Build.0 = Debug|Any CPU
		{7CD9BE6D-497D-439F-9405-ABD967DB0DC6}.Debug|x64.ActiveCfg = Debug|Any CPU
		{7CD9BE6D-497D-439F-9405-ABD967DB0DC6}.Debug|x64.Build.0 = Debug|Any CPU
		{7CD9BE6D-497D-439F-9405-ABD967DB0DC6}.Debug|x86.ActiveCfg = Debug|Any CPU
		{7CD9BE6D-497D-439F-9405-ABD967DB0DC6}.Debug|x86.Build.0 = Debug|Any CPU
		{7CD9BE6D-497D-439F-9405-ABD967DB0DC6}.Release|Any CPU.ActiveCfg = Release|Any CPU
		{7CD9BE6D-497D-439F-9405-ABD967DB0DC6}.Release|Any CPU.Build.0 = Release|Any CPU
		{7CD9BE6D-497D-439F-9405-ABD967DB0DC6}.Release|x64.ActiveCfg = Release|Any CPU
		{7CD9BE6D-497D-439F-9405-ABD967DB0DC6}.Release|x64.Build.0 = Release|Any CPU
		{7CD9BE6D-497D-439F-9405-ABD967DB0DC6}.Release|x86.ActiveCfg = Release|Any CPU
		{7CD9BE6D-497D-439F-9405-ABD967DB0DC6}.Release|x86.Build.0 = Release|Any CPU
		{CDE6A825-00DA-4472-8ABC-3BC2B6BC0813}.Debug|Any CPU.ActiveCfg = Debug|Any CPU
		{CDE6A825-00DA-4472-8ABC-3BC2B6BC0813}.Debug|Any CPU.Build.0 = Debug|Any CPU
		{CDE6A825-00DA-4472-8ABC-3BC2B6BC0813}.Debug|x64.ActiveCfg = Debug|Any CPU
		{CDE6A825-00DA-4472-8ABC-3BC2B6BC0813}.Debug|x64.Build.0 = Debug|Any CPU
		{CDE6A825-00DA-4472-8ABC-3BC2B6BC0813}.Debug|x86.ActiveCfg = Debug|Any CPU
		{CDE6A825-00DA-4472-8ABC-3BC2B6BC0813}.Debug|x86.Build.0 = Debug|Any CPU
		{CDE6A825-00DA-4472-8ABC-3BC2B6BC0813}.Release|Any CPU.ActiveCfg = Release|Any CPU
		{CDE6A825-00DA-4472-8ABC-3BC2B6BC0813}.Release|Any CPU.Build.0 = Release|Any CPU
		{CDE6A825-00DA-4472-8ABC-3BC2B6BC0813}.Release|x64.ActiveCfg = Release|Any CPU
		{CDE6A825-00DA-4472-8ABC-3BC2B6BC0813}.Release|x64.Build.0 = Release|Any CPU
		{CDE6A825-00DA-4472-8ABC-3BC2B6BC0813}.Release|x86.ActiveCfg = Release|Any CPU
		{CDE6A825-00DA-4472-8ABC-3BC2B6BC0813}.Release|x86.Build.0 = Release|Any CPU
		{C694E60B-4C67-49F0-86D9-6D1E5E61F49B}.Debug|Any CPU.ActiveCfg = Debug|Any CPU
		{C694E60B-4C67-49F0-86D9-6D1E5E61F49B}.Debug|Any CPU.Build.0 = Debug|Any CPU
		{C694E60B-4C67-49F0-86D9-6D1E5E61F49B}.Debug|x64.ActiveCfg = Debug|Any CPU
		{C694E60B-4C67-49F0-86D9-6D1E5E61F49B}.Debug|x64.Build.0 = Debug|Any CPU
		{C694E60B-4C67-49F0-86D9-6D1E5E61F49B}.Debug|x86.ActiveCfg = Debug|Any CPU
		{C694E60B-4C67-49F0-86D9-6D1E5E61F49B}.Debug|x86.Build.0 = Debug|Any CPU
		{C694E60B-4C67-49F0-86D9-6D1E5E61F49B}.Release|Any CPU.ActiveCfg = Release|Any CPU
		{C694E60B-4C67-49F0-86D9-6D1E5E61F49B}.Release|Any CPU.Build.0 = Release|Any CPU
		{C694E60B-4C67-49F0-86D9-6D1E5E61F49B}.Release|x64.ActiveCfg = Release|Any CPU
		{C694E60B-4C67-49F0-86D9-6D1E5E61F49B}.Release|x64.Build.0 = Release|Any CPU
		{C694E60B-4C67-49F0-86D9-6D1E5E61F49B}.Release|x86.ActiveCfg = Release|Any CPU
		{C694E60B-4C67-49F0-86D9-6D1E5E61F49B}.Release|x86.Build.0 = Release|Any CPU
		{24FBC78E-D6E8-43A4-9702-DDFBDCA5E588}.Debug|Any CPU.ActiveCfg = Debug|Any CPU
		{24FBC78E-D6E8-43A4-9702-DDFBDCA5E588}.Debug|Any CPU.Build.0 = Debug|Any CPU
		{24FBC78E-D6E8-43A4-9702-DDFBDCA5E588}.Debug|x64.ActiveCfg = Debug|Any CPU
		{24FBC78E-D6E8-43A4-9702-DDFBDCA5E588}.Debug|x64.Build.0 = Debug|Any CPU
		{24FBC78E-D6E8-43A4-9702-DDFBDCA5E588}.Debug|x86.ActiveCfg = Debug|Any CPU
		{24FBC78E-D6E8-43A4-9702-DDFBDCA5E588}.Debug|x86.Build.0 = Debug|Any CPU
		{24FBC78E-D6E8-43A4-9702-DDFBDCA5E588}.Release|Any CPU.ActiveCfg = Release|Any CPU
		{24FBC78E-D6E8-43A4-9702-DDFBDCA5E588}.Release|Any CPU.Build.0 = Release|Any CPU
		{24FBC78E-D6E8-43A4-9702-DDFBDCA5E588}.Release|x64.ActiveCfg = Release|Any CPU
		{24FBC78E-D6E8-43A4-9702-DDFBDCA5E588}.Release|x64.Build.0 = Release|Any CPU
		{24FBC78E-D6E8-43A4-9702-DDFBDCA5E588}.Release|x86.ActiveCfg = Release|Any CPU
		{24FBC78E-D6E8-43A4-9702-DDFBDCA5E588}.Release|x86.Build.0 = Release|Any CPU
	EndGlobalSection
	GlobalSection(SolutionProperties) = preSolution
		HideSolutionNode = FALSE
	EndGlobalSection
	GlobalSection(NestedProjects) = preSolution
		{73A54522-5524-4650-8D4A-0ABCE17B1CD4} = {827E0CD3-B72D-47B6-A68D-7590B98EB39B}
		{FAC7D063-2F6F-4D27-B5E4-F64E767BACB6} = {827E0CD3-B72D-47B6-A68D-7590B98EB39B}
		{7CD9BE6D-497D-439F-9405-ABD967DB0DC6} = {0AB3BF05-4346-4AA6-1389-037BE0695223}
		{CDE6A825-00DA-4472-8ABC-3BC2B6BC0813} = {827E0CD3-B72D-47B6-A68D-7590B98EB39B}
		{C694E60B-4C67-49F0-86D9-6D1E5E61F49B} = {827E0CD3-B72D-47B6-A68D-7590B98EB39B}
		{F7574918-BD27-4DD5-A54D-FA46589952A7} = {DF516102-7CCD-4543-9FD0-F9CF2210B23D}
		{743D0AD2-8849-4483-84A0-A3979EC54D33} = {DF516102-7CCD-4543-9FD0-F9CF2210B23D}
		{C9AB0E24-F730-4B29-9308-8D74900AC2D5} = {DF516102-7CCD-4543-9FD0-F9CF2210B23D}
		{6C37CF04-06BD-4B39-9009-86B6B462F662} = {C9AB0E24-F730-4B29-9308-8D74900AC2D5}
		{16D00592-3805-4B91-856D-A12AE834436D} = {C9AB0E24-F730-4B29-9308-8D74900AC2D5}
		{9DA784AE-7BBC-49A2-B069-9E83D7111D66} = {C9AB0E24-F730-4B29-9308-8D74900AC2D5}
		{24FBC78E-D6E8-43A4-9702-DDFBDCA5E588} = {827E0CD3-B72D-47B6-A68D-7590B98EB39B}
	EndGlobalSection
	GlobalSection(ExtensibilityGlobals) = postSolution
		SolutionGuid = {993931F4-7127-4F03-B7AD-ED9CAF243ECC}
	EndGlobalSection
EndGlobal
